
Microsoft Visual Studio Solution File, Format Version 12.00
# Visual Studio Version 17
VisualStudioVersion = 17.6.33829.357
MinimumVisualStudioVersion = 10.0.40219.1
Project("{9A19103F-16F7-4668-BE54-9A1E7A4F7556}") = "EChartsGen", "EChartsGen\EChartsGen.csproj", "{21B02F38-0B07-49E2-8EC8-30CCB19290E7}"
EndProject
Project("{9A19103F-16F7-4668-BE54-9A1E7A4F7556}") = "EChartsGenTests", "EChartsGenTests\EChartsGenTests.csproj", "{FCADD2A9-A325-476F-944F-F8116F803205}"
EndProject
Project("{9A19103F-16F7-4668-BE54-9A1E7A4F7556}") = "EChartsGen_DocTemplateTool_Sample", "EChartsGen_DocTemplateTool_Sample\EChartsGen_DocTemplateTool_Sample.csproj", "{0EE80406-C81B-4F94-A8BA-AEE6B83596C4}"
EndProject
Global
	GlobalSection(SolutionConfigurationPlatforms) = preSolution
		Debug|Any CPU = Debug|Any CPU
		Release|Any CPU = Release|Any CPU
	EndGlobalSection
	GlobalSection(ProjectConfigurationPlatforms) = postSolution
		{21B02F38-0B07-49E2-8EC8-30CCB19290E7}.Debug|Any CPU.ActiveCfg = Debug|Any CPU
		{21B02F38-0B07-49E2-8EC8-30CCB19290E7}.Debug|Any CPU.Build.0 = Debug|Any CPU
		{21B02F38-0B07-49E2-8EC8-30CCB19290E7}.Release|Any CPU.ActiveCfg = Release|Any CPU
		{21B02F38-0B07-49E2-8EC8-30CCB19290E7}.Release|Any CPU.Build.0 = Release|Any CPU
		{FCADD2A9-A325-476F-944F-F8116F803205}.Debug|Any CPU.ActiveCfg = Debug|Any CPU
		{FCADD2A9-A325-476F-944F-F8116F803205}.Debug|Any CPU.Build.0 = Debug|Any CPU
		{FCADD2A9-A325-476F-944F-F8116F803205}.Release|Any CPU.ActiveCfg = Release|Any CPU
		{FCADD2A9-A325-476F-944F-F8116F803205}.Release|Any CPU.Build.0 = Release|Any CPU
		{0EE80406-C81B-4F94-A8BA-AEE6B83596C4}.Debug|Any CPU.ActiveCfg = Debug|Any CPU
		{0EE80406-C81B-4F94-A8BA-AEE6B83596C4}.Debug|Any CPU.Build.0 = Debug|Any CPU
		{0EE80406-C81B-4F94-A8BA-AEE6B83596C4}.Release|Any CPU.ActiveCfg = Release|Any CPU
		{0EE80406-C81B-4F94-A8BA-AEE6B83596C4}.Release|Any CPU.Build.0 = Release|Any CPU
	EndGlobalSection
	GlobalSection(SolutionProperties) = preSolution
		HideSolutionNode = FALSE
	EndGlobalSection
	GlobalSection(ExtensibilityGlobals) = postSolution
		SolutionGuid = {47588FBD-85BC-4BC6-8003-7F11ED361FA4}
	EndGlobalSection
EndGlobal
